{
  "nodes": {
    "flake-utils": {
      "inputs": {
        "systems": "systems"
      },
      "locked": {
        "lastModified": 1731533236,
        "narHash": "sha256-l0KFg5HjrsfsO/JpG+r7fRrqm12kzFHyUHqHCVpMMbI=",
        "owner": "numtide",
        "repo": "flake-utils",
        "rev": "11707dc2f618dd54ca8739b309ec4fc024de578b",
        "type": "github"
      },
      "original": {
        "owner": "numtide",
        "repo": "flake-utils",
        "type": "github"
      }
    },
    "nixpkgs": {
      "locked": {
        "lastModified": 1751274312,
        "narHash": "sha256-/bVBlRpECLVzjV19t5KMdMFWSwKLtb5RyXdjz3LJT+g=",
        "owner": "NixOS",
        "repo": "nixpkgs",
        "rev": "50ab793786d9de88ee30ec4e4c24fb4236fc2674",
        "type": "github"
      },
      "original": {
        "owner": "NixOS",
        "ref": "nixos-24.11",
        "repo": "nixpkgs",
        "type": "github"
      }
    },
    "nixpkgs_2": {
      "locked": {
        "lastModified": 1770841267,
        "narHash": "sha256-9xejG0KoqsoKEGp2kVbXRlEYtFFcDTHjidiuX8hGO44=",
        "owner": "nixos",
        "repo": "nixpkgs",
        "rev": "ec7c70d12ce2fc37cb92aff673dcdca89d187bae",
        "type": "github"
      },
      "original": {
        "owner": "nixos",
        "ref": "nixos-unstable",
        "repo": "nixpkgs",
        "type": "github"
      }
    },
    "nixpkgs_3": {
      "locked": {
        "lastModified": 1758690382,
        "narHash": "sha256-NY3kSorgqE5LMm1LqNwGne3ZLMF2/ILgLpFr1fS4X3o=",
        "owner": "nixos",
        "repo": "nixpkgs",
        "rev": "e643668fd71b949c53f8626614b21ff71a07379d",
        "type": "github"
      },
      "original": {
        "owner": "nixos",
        "ref": "nixos-unstable",
        "repo": "nixpkgs",
        "type": "github"
      }
    },
    "nixpkgs_4": {
      "locked": {
        "lastModified": 1770562336,
        "narHash": "sha256-ub1gpAONMFsT/GU2hV6ZWJjur8rJ6kKxdm9IlCT0j84=",
        "owner": "nixos",
        "repo": "nixpkgs",
        "rev": "d6c71932130818840fc8fe9509cf50be8c64634f",
        "type": "github"
      },
      "original": {
        "owner": "nixos",
        "ref": "nixos-unstable",
        "repo": "nixpkgs",
        "type": "github"
      }
    },
    "nixtest": {
      "locked": {
        "dir": "lib",
        "lastModified": 1769441055,
        "narHash": "sha256-SrHLnM3UMzpj5/o52yf3lFOVpsIGEU5nAFUkdeJO1bM=",
        "owner": "TECHNOFAB",
        "repo": "nixtest",
        "rev": "9f9fcb85349003edb554574d0e3f623811866f50",
        "type": "gitlab"
      },
      "original": {
        "dir": "lib",
        "owner": "TECHNOFAB",
        "repo": "nixtest",
        "type": "gitlab"
      }
    },
    "pyproject-build-systems": {
      "inputs": {
        "nixpkgs": "nixpkgs_2",
        "pyproject-nix": "pyproject-nix",
        "uv2nix": "uv2nix"
      },
      "locked": {
        "lastModified": 1771423342,
        "narHash": "sha256-7uXPiWB0YQ4HNaAqRvVndYL34FEp1ZTwVQHgZmyMtC8=",
        "owner": "pyproject-nix",
        "repo": "build-system-pkgs",
        "rev": "04e9c186e01f0830dad3739088070e4c551191a4",
        "type": "github"
      },
      "original": {
        "owner": "pyproject-nix",
        "repo": "build-system-pkgs",
        "rev": "04e9c186e01f0830dad3739088070e4c551191a4",
        "type": "github"
      }
    },
    "pyproject-nix": {
      "inputs": {
        "nixpkgs": [
          "pyproject-build-systems",
          "nixpkgs"
        ]
      },
      "locked": {
        "lastModified": 1769936401,
        "narHash": "sha256-kwCOegKLZJM9v/e/7cqwg1p/YjjTAukKPqmxKnAZRgA=",
        "owner": "nix-community",
        "repo": "pyproject.nix",
        "rev": "b0d513eeeebed6d45b4f2e874f9afba2021f7812",
        "type": "github"
      },
      "original": {
        "owner": "nix-community",
        "repo": "pyproject.nix",
        "type": "github"
      }
    },
    "pyproject-nix_2": {
      "inputs": {
        "nixpkgs": "nixpkgs_3"
      },
      "locked": {
        "lastModified": 1769936401,
        "narHash": "sha256-kwCOegKLZJM9v/e/7cqwg1p/YjjTAukKPqmxKnAZRgA=",
        "owner": "pyproject-nix",
        "repo": "pyproject.nix",
        "rev": "b0d513eeeebed6d45b4f2e874f9afba2021f7812",
        "type": "github"
      },
      "original": {
        "owner": "pyproject-nix",
        "repo": "pyproject.nix",
        "rev": "b0d513eeeebed6d45b4f2e874f9afba2021f7812",
        "type": "github"
      }
    },
    "pyproject-nix_3": {
      "inputs": {
        "nixpkgs": [
          "uv2nix",
          "nixpkgs"
        ]
      },
      "locked": {
        "lastModified": 1769936401,
        "narHash": "sha256-kwCOegKLZJM9v/e/7cqwg1p/YjjTAukKPqmxKnAZRgA=",
        "owner": "pyproject-nix",
        "repo": "pyproject.nix",
        "rev": "b0d513eeeebed6d45b4f2e874f9afba2021f7812",
        "type": "github"
      },
      "original": {
        "owner": "pyproject-nix",
        "repo": "pyproject.nix",
        "type": "github"
      }
    },
    "root": {
      "inputs": {
        "flake-utils": "flake-utils",
        "nixpkgs": "nixpkgs",
        "nixtest": "nixtest",
        "pyproject-build-systems": "pyproject-build-systems",
        "pyproject-nix": "pyproject-nix_2",
        "uv2nix": "uv2nix_2"
      }
    },
    "systems": {
      "locked": {
        "lastModified": 1681028828,
        "narHash": "sha256-Vy1rq5AaRuLzOxct8nz4T6wlgyUR7zLU309k9mBC768=",
        "owner": "nix-systems",
        "repo": "default",
        "rev": "da67096a3b9bf56a91d16901293e51ba5b49a27e",
        "type": "github"
      },
      "original": {
        "owner": "nix-systems",
        "repo": "default",
        "type": "github"
      }
    },
    "uv2nix": {
      "inputs": {
        "nixpkgs": [
          "pyproject-build-systems",
          "nixpkgs"
        ],
        "pyproject-nix": [
          "pyproject-build-systems",
          "pyproject-nix"
        ]
      },
      "locked": {
        "lastModified": 1770770348,
        "narHash": "sha256-A2GzkmzdYvdgmMEu5yxW+xhossP+txrYb7RuzRaqhlg=",
        "owner": "pyproject-nix",
        "repo": "uv2nix",
        "rev": "5d1b2cb4fe3158043fbafbbe2e46238abbc954b0",
        "type": "github"
      },
      "original": {
        "owner": "pyproject-nix",
        "repo": "uv2nix",
        "type": "github"
      }
    },
    "uv2nix_2": {
      "inputs": {
        "nixpkgs": "nixpkgs_4",
        "pyproject-nix": "pyproject-nix_3"
      },
      "locked": {
        "lastModified": 1770770348,
        "narHash": "sha256-A2GzkmzdYvdgmMEu5yxW+xhossP+txrYb7RuzRaqhlg=",
        "owner": "pyproject-nix",
        "repo": "uv2nix",
        "rev": "5d1b2cb4fe3158043fbafbbe2e46238abbc954b0",
        "type": "github"
      },
      "original": {
        "owner": "pyproject-nix",
        "repo": "uv2nix",
        "rev": "5d1b2cb4fe3158043fbafbbe2e46238abbc954b0",
        "type": "github"
      }
    }
  },
  "root": "root",
  "version": 7
}
